
Microsoft Visual Studio Solution File, Format Version 12.00
# Visual Studio Version 16
VisualStudioVersion = 16.0.29905.134
MinimumVisualStudioVersion = 10.0.40219.1
Project("{FAE04EC0-301F-11D3-BF4B-00C04F79EFBC}") = "ChatApp.Android", "ChatApp\ChatApp.Android\ChatApp.Android.csproj", "{AA019F2A-170C-496E-B302-20F89BCDDDE1}"
EndProject
Project("{FAE04EC0-301F-11D3-BF4B-00C04F79EFBC}") = "ChatApp.iOS", "ChatApp\ChatApp.iOS\ChatApp.iOS.csproj", "{CA454174-2294-408F-8E72-BB34E1228574}"
EndProject
Project("{FAE04EC0-301F-11D3-BF4B-00C04F79EFBC}") = "ChatApp", "ChatApp\ChatApp\ChatApp.csproj", "{5EFD96A2-DED6-4AC6-8935-03AA7D0E504F}"
EndProject
Global
	GlobalSection(SolutionConfigurationPlatforms) = preSolution
		Debug|Any CPU = Debug|Any CPU
		Debug|iPhone = Debug|iPhone
		Debug|iPhoneSimulator = Debug|iPhoneSimulator
		Release|Any CPU = Release|Any CPU
		Release|iPhone = Release|iPhone
		Release|iPhoneSimulator = Release|iPhoneSimulator
	EndGlobalSection
	GlobalSection(ProjectConfigurationPlatforms) = postSolution
		{AA019F2A-170C-496E-B302-20F89BCDDDE1}.Debug|Any CPU.ActiveCfg = Debug|Any CPU
		{AA019F2A-170C-496E-B302-20F89BCDDDE1}.Debug|Any CPU.Build.0 = Debug|Any CPU
		{AA019F2A-170C-496E-B302-20F89BCDDDE1}.Debug|Any CPU.Deploy.0 = Debug|Any CPU
		{AA019F2A-170C-496E-B302-20F89BCDDDE1}.Debug|iPhone.ActiveCfg = Debug|Any CPU
		{AA019F2A-170C-496E-B302-20F89BCDDDE1}.Debug|iPhone.Build.0 = Debug|Any CPU
		{AA019F2A-170C-496E-B302-20F89BCDDDE1}.Debug|iPhone.Deploy.0 = Debug|Any CPU
		{AA019F2A-170C-496E-B302-20F89BCDDDE1}.Debug|iPhoneSimulator.ActiveCfg = Debug|Any CPU
		{AA019F2A-170C-496E-B302-20F89BCDDDE1}.Debug|iPhoneSimulator.Build.0 = Debug|Any CPU
		{AA019F2A-170C-496E-B302-20F89BCDDDE1}.Debug|iPhoneSimulator.Deploy.0 = Debug|Any CPU
		{AA019F2A-170C-496E-B302-20F89BCDDDE1}.Release|Any CPU.ActiveCfg = Release|Any CPU
		{AA019F2A-170C-496E-B302-20F89BCDDDE1}.Release|Any CPU.Build.0 = Release|Any CPU
		{AA019F2A-170C-496E-B302-20F89BCDDDE1}.Release|Any CPU.Deploy.0 = Release|Any CPU
		{AA019F2A-170C-496E-B302-20F89BCDDDE1}.Release|iPhone.ActiveCfg = Release|Any CPU
		{AA019F2A-170C-496E-B302-20F89BCDDDE1}.Release|iPhone.Build.0 = Release|Any CPU
		{AA019F2A-170C-496E-B302-20F89BCDDDE1}.Release|iPhone.Deploy.0 = Release|Any CPU
		{AA019F2A-170C-496E-B302-20F89BCDDDE1}.Release|iPhoneSimulator.ActiveCfg = Release|Any CPU
		{AA019F2A-170C-496E-B302-20F89BCDDDE1}.Release|iPhoneSimulator.Build.0 = Release|Any CPU
		{AA019F2A-170C-496E-B302-20F89BCDDDE1}.Release|iPhoneSimulator.Deploy.0 = Release|Any CPU
		{CA454174-2294-408F-8E72-BB34E1228574}.Debug|Any CPU.ActiveCfg = Debug|iPhoneSimulator
		{CA454174-2294-408F-8E72-BB34E1228574}.Debug|Any CPU.Build.0 = Debug|iPhoneSimulator
		{CA454174-2294-408F-8E72-BB34E1228574}.Debug|Any CPU.Deploy.0 = Debug|iPhoneSimulator
		{CA454174-2294-408F-8E72-BB34E1228574}.Debug|iPhone.ActiveCfg = Debug|iPhone
		{CA454174-2294-408F-8E72-BB34E1228574}.Debug|iPhone.Build.0 = Debug|iPhone
		{CA454174-2294-408F-8E72-BB34E1228574}.Debug|iPhone.Deploy.0 = Debug|iPhone
		{CA454174-2294-408F-8E72-BB34E1228574}.Debug|iPhoneSimulator.ActiveCfg = Debug|iPhoneSimulator
		{CA454174-2294-408F-8E72-BB34E1228574}.Debug|iPhoneSimulator.Build.0 = Debug|iPhoneSimulator
		{CA454174-2294-408F-8E72-BB34E1228574}.Debug|iPhoneSimulator.Deploy.0 = Debug|iPhoneSimulator
		{CA454174-2294-408F-8E72-BB34E1228574}.Release|Any CPU.ActiveCfg = Release|iPhone
		{CA454174-2294-408F-8E72-BB34E1228574}.Release|Any CPU.Build.0 = Release|iPhone
		{CA454174-2294-408F-8E72-BB34E1228574}.Release|Any CPU.Deploy.0 = Release|iPhone
		{CA454174-2294-408F-8E72-BB34E1228574}.Release|iPhone.ActiveCfg = Release|iPhone
		{CA454174-2294-408F-8E72-BB34E1228574}.Release|iPhone.Build.0 = Release|iPhone
		{CA454174-2294-408F-8E72-BB34E1228574}.Release|iPhone.Deploy.0 = Release|iPhone
		{CA454174-2294-408F-8E72-BB34E1228574}.Release|iPhoneSimulator.ActiveCfg = Release|iPhoneSimulator
		{CA454174-2294-408F-8E72-BB34E1228574}.Release|iPhoneSimulator.Build.0 = Release|iPhoneSimulator
		{CA454174-2294-408F-8E72-BB34E1228574}.Release|iPhoneSimulator.Deploy.0 = Release|iPhoneSimulator
		{5EFD96A2-DED6-4AC6-8935-03AA7D0E504F}.Debug|Any CPU.ActiveCfg = Debug|Any CPU
		{5EFD96A2-DED6-4AC6-8935-03AA7D0E504F}.Debug|Any CPU.Build.0 = Debug|Any CPU
		{5EFD96A2-DED6-4AC6-8935-03AA7D0E504F}.Debug|Any CPU.Deploy.0 = Debug|Any CPU
		{5EFD96A2-DED6-4AC6-8935-03AA7D0E504F}.Debug|iPhone.ActiveCfg = Debug|Any CPU
		{5EFD96A2-DED6-4AC6-8935-03AA7D0E504F}.Debug|iPhone.Build.0 = Debug|Any CPU
		{5EFD96A2-DED6-4AC6-8935-03AA7D0E504F}.Debug|iPhone.Deploy.0 = Debug|Any CPU
		{5EFD96A2-DED6-4AC6-8935-03AA7D0E504F}.Debug|iPhoneSimulator.ActiveCfg = Debug|Any CPU
		{5EFD96A2-DED6-4AC6-8935-03AA7D0E504F}.Debug|iPhoneSimulator.Build.0 = Debug|Any CPU
		{5EFD96A2-DED6-4AC6-8935-03AA7D0E504F}.Debug|iPhoneSimulator.Deploy.0 = Debug|Any CPU
		{5EFD96A2-DED6-4AC6-8935-03AA7D0E504F}.Release|Any CPU.ActiveCfg = Release|Any CPU
		{5EFD96A2-DED6-4AC6-8935-03AA7D0E504F}.Release|Any CPU.Build.0 = Release|Any CPU
		{5EFD96A2-DED6-4AC6-8935-03AA7D0E504F}.Release|Any CPU.Deploy.0 = Release|Any CPU
		{5EFD96A2-DED6-4AC6-8935-03AA7D0E504F}.Release|iPhone.ActiveCfg = Release|Any CPU
		{5EFD96A2-DED6-4AC6-8935-03AA7D0E504F}.Release|iPhone.Build.0 = Release|Any CPU
		{5EFD96A2-DED6-4AC6-8935-03AA7D0E504F}.Release|iPhone.Deploy.0 = Release|Any CPU
		{5EFD96A2-DED6-4AC6-8935-03AA7D0E504F}.Release|iPhoneSimulator.ActiveCfg = Release|Any CPU
		{5EFD96A2-DED6-4AC6-8935-03AA7D0E504F}.Release|iPhoneSimulator.Build.0 = Release|Any CPU
		{5EFD96A2-DED6-4AC6-8935-03AA7D0E504F}.Release|iPhoneSimulator.Deploy.0 = Release|Any CPU
	EndGlobalSection
	GlobalSection(SolutionProperties) = preSolution
		HideSolutionNode = FALSE
	EndGlobalSection
	GlobalSection(ExtensibilityGlobals) = postSolution
		SolutionGuid = {13C131ED-F0B1-4C16-8EDA-A73BFAE639F9}
	EndGlobalSection
EndGlobal
